# THIS IS AN AUTOGENERATED FILE. DO NOT EDIT THIS FILE DIRECTLY.
# yarn lockfile v1


"@babel/helper-plugin-utils@^7.25.9":
  version "7.25.9"
  resolved "https://registry.yarnpkg.com/@babel/helper-plugin-utils/-/helper-plugin-utils-7.25.9.tgz#9cbdd63a9443a2c92a725cca7ebca12cc8dd9f46"
  integrity sha512-kSMlyUVdWe25rEsRGviIgOWnoT/nfABVWlqt9N19/dIPWViAOW2s9wznP5tURbs/IDuNk4gPy3YdYRgH3uxhBw==

"@babel/plugin-transform-exponentiation-operator@^7.26.3":
  version "7.26.3"
  resolved "https://registry.yarnpkg.com/@babel/plugin-transform-exponentiation-operator/-/plugin-transform-exponentiation-operator-7.26.3.tgz#e29f01b6de302c7c2c794277a48f04a9ca7f03bc"
  integrity sha512-7CAHcQ58z2chuXPWblnn1K6rLDnDWieghSOEmqQsrBenH0P9InCUtOJYD89pvngljmZlJcz3fcmgYsXFNGa1ZQ==
  dependencies:
    "@babel/helper-plugin-utils" "^7.25.9"
